<?xml version="1.0" encoding="UTF-8" standalone="yes" ?>
<CodeBlocks_project_file>
	<FileVersion major="1" minor="6" />
	<Project>
		<Option title="ember_game_client_linux" />
		<Option pch_mode="2" />
		<Option compiler="gcc" />
		<Build>
			<Target title="Debug">
				<Option output="mantra_debug_linux" prefix_auto="1" extension_auto="1" />
				<Option object_output="obj/Debug/" />
				<Option type="1" />
				<Option compiler="gcc" />
				<Compiler>
					<Add option="-g" />
					<Add option="-D_DEBUG_MANTRA_LOG" />
					<Add option="-D_DEBUG" />
					<Add option="-D_MBCS" />
					<Add option="-D_MANTRA_" />
					<Add option="-D_MANTRA_CLIENT_" />
				</Compiler>
			</Target>
			<Target title="Release">
				<Option output="mantra_linux" prefix_auto="1" extension_auto="1" />
				<Option object_output="obj/Release/" />
				<Option type="0" />
				<Option compiler="gcc" />
				<Compiler>
					<Add option="-O2" />
					<Add option="-D_MANTRA_" />
					<Add option="-D_MANTRA_CLIENT_" />
				</Compiler>
				<Linker>
					<Add option="-s" />
				</Linker>
			</Target>
		</Build>
		<Compiler>
			<Add option="-Wall" />
			<Add option="`sdl-config --cflags`" />
			<Add option="-fpermissive" />
			<Add option="-Wswitch" />
			<Add option="-Wwrite-strings" />
		</Compiler>
		<Linker>
			<Add library="GL" />
			<Add library="GLU" />
			<Add library="SDLmain" />
			<Add library="SDL" />
			<Add library="IL" />
			<Add library="ILU" />
			<Add library="ILUT" />
		</Linker>
		<Unit filename="../../SDK/SDL-1.2.15/src/SDL_error_c.h" />
		<Unit filename="../../SDK/SDL-1.2.15/src/SDL_fatal.h" />
		<Unit filename="../../SDK/SDL-1.2.15/src/audio/SDL_audio_c.h" />
		<Unit filename="../../SDK/SDL-1.2.15/src/audio/SDL_audiodev_c.h" />
		<Unit filename="../../SDK/SDL-1.2.15/src/audio/SDL_audiomem.h" />
		<Unit filename="../../SDK/SDL-1.2.15/src/audio/SDL_mixer_MMX.h" />
		<Unit filename="../../SDK/SDL-1.2.15/src/audio/SDL_mixer_MMX_VC.h" />
		<Unit filename="../../SDK/SDL-1.2.15/src/audio/SDL_mixer_m68k.h" />
		<Unit filename="../../SDK/SDL-1.2.15/src/audio/SDL_sysaudio.h" />
		<Unit filename="../../SDK/SDL-1.2.15/src/audio/SDL_wave.h" />
		<Unit filename="../../SDK/assimp3.0-src/code/3DSConverter.cpp" />
		<Unit filename="../../SDK/assimp3.0-src/code/3DSHelper.h" />
		<Unit filename="../../SDK/assimp3.0-src/code/3DSLoader.cpp" />
		<Unit filename="../../SDK/assimp3.0-src/code/3DSLoader.h" />
		<Unit filename="../../SDK/assimp3.0-src/code/ACLoader.cpp" />
		<Unit filename="../../SDK/assimp3.0-src/code/ACLoader.h" />
		<Unit filename="../../SDK/assimp3.0-src/code/ASELoader.cpp" />
		<Unit filename="../../SDK/assimp3.0-src/code/ASELoader.h" />
		<Unit filename="../../SDK/assimp3.0-src/code/ASEParser.cpp" />
		<Unit filename="../../SDK/assimp3.0-src/code/ASEParser.h" />
		<Unit filename="../../SDK/assimp3.0-src/code/Assimp.cpp" />
		<Unit filename="../../SDK/assimp3.0-src/code/AssimpCExport.cpp" />
		<Unit filename="../../SDK/assimp3.0-src/code/AssimpPCH.cpp" />
		<Unit filename="../../SDK/assimp3.0-src/code/AssimpPCH.h" />
		<Unit filename="../../SDK/assimp3.0-src/code/B3DImporter.cpp" />
		<Unit filename="../../SDK/assimp3.0-src/code/B3DImporter.h" />
		<Unit filename="../../SDK/assimp3.0-src/code/BVHLoader.cpp" />
		<Unit filename="../../SDK/assimp3.0-src/code/BVHLoader.h" />
		<Unit filename="../../SDK/assimp3.0-src/code/BaseImporter.cpp" />
		<Unit filename="../../SDK/assimp3.0-src/code/BaseImporter.h" />
		<Unit filename="../../SDK/assimp3.0-src/code/BaseProcess.cpp" />
		<Unit filename="../../SDK/assimp3.0-src/code/BaseProcess.h" />
		<Unit filename="../../SDK/assimp3.0-src/code/BlenderDNA.cpp" />
		<Unit filename="../../SDK/assimp3.0-src/code/BlenderDNA.h" />
		<Unit filename="../../SDK/assimp3.0-src/code/BlenderDNA.inl" />
		<Unit filename="../../SDK/assimp3.0-src/code/BlenderIntermediate.h" />
		<Unit filename="../../SDK/assimp3.0-src/code/BlenderLoader.cpp" />
		<Unit filename="../../SDK/assimp3.0-src/code/BlenderLoader.h" />
		<Unit filename="../../SDK/assimp3.0-src/code/BlenderModifier.cpp" />
		<Unit filename="../../SDK/assimp3.0-src/code/BlenderModifier.h" />
		<Unit filename="../../SDK/assimp3.0-src/code/BlenderScene.cpp" />
		<Unit filename="../../SDK/assimp3.0-src/code/BlenderScene.h" />
		<Unit filename="../../SDK/assimp3.0-src/code/BlenderSceneGen.h" />
		<Unit filename="../../SDK/assimp3.0-src/code/BlobIOSystem.h" />
		<Unit filename="../../SDK/assimp3.0-src/code/BoostWorkaround/boost/LICENSE_1_0.txt" />
		<Unit filename="../../SDK/assimp3.0-src/code/BoostWorkaround/boost/foreach.hpp" />
		<Unit filename="../../SDK/assimp3.0-src/code/BoostWorkaround/boost/format.hpp" />
		<Unit filename="../../SDK/assimp3.0-src/code/BoostWorkaround/boost/lexical_cast.hpp" />
		<Unit filename="../../SDK/assimp3.0-src/code/BoostWorkaround/boost/make_shared.hpp" />
		<Unit filename="../../SDK/assimp3.0-src/code/BoostWorkaround/boost/noncopyable.hpp" />
		<Unit filename="../../SDK/assimp3.0-src/code/BoostWorkaround/boost/pointer_cast.hpp" />
		<Unit filename="../../SDK/assimp3.0-src/code/BoostWorkaround/boost/scoped_array.hpp" />
		<Unit filename="../../SDK/assimp3.0-src/code/BoostWorkaround/boost/scoped_ptr.hpp" />
		<Unit filename="../../SDK/assimp3.0-src/code/BoostWorkaround/boost/shared_array.hpp" />
		<Unit filename="../../SDK/assimp3.0-src/code/BoostWorkaround/boost/shared_ptr.hpp" />
		<Unit filename="../../SDK/assimp3.0-src/code/BoostWorkaround/boost/static_assert.hpp" />
		<Unit filename="../../SDK/assimp3.0-src/code/BoostWorkaround/boost/timer.hpp" />
		<Unit filename="../../SDK/assimp3.0-src/code/ByteSwap.h" />
		<Unit filename="../../SDK/assimp3.0-src/code/CInterfaceIOWrapper.h" />
		<Unit filename="../../SDK/assimp3.0-src/code/CMakeLists.txt" />
		<Unit filename="../../SDK/assimp3.0-src/code/COBLoader.cpp" />
		<Unit filename="../../SDK/assimp3.0-src/code/COBLoader.h" />
		<Unit filename="../../SDK/assimp3.0-src/code/COBScene.h" />
		<Unit filename="../../SDK/assimp3.0-src/code/CSMLoader.cpp" />
		<Unit filename="../../SDK/assimp3.0-src/code/CSMLoader.h" />
		<Unit filename="../../SDK/assimp3.0-src/code/CalcTangentsProcess.cpp" />
		<Unit filename="../../SDK/assimp3.0-src/code/CalcTangentsProcess.h" />
		<Unit filename="../../SDK/assimp3.0-src/code/ColladaExporter.cpp" />
		<Unit filename="../../SDK/assimp3.0-src/code/ColladaExporter.h" />
		<Unit filename="../../SDK/assimp3.0-src/code/ColladaHelper.h" />
		<Unit filename="../../SDK/assimp3.0-src/code/ColladaLoader.cpp" />
		<Unit filename="../../SDK/assimp3.0-src/code/ColladaLoader.h" />
		<Unit filename="../../SDK/assimp3.0-src/code/ColladaParser.cpp" />
		<Unit filename="../../SDK/assimp3.0-src/code/ColladaParser.h" />
		<Unit filename="../../SDK/assimp3.0-src/code/ComputeUVMappingProcess.cpp" />
		<Unit filename="../../SDK/assimp3.0-src/code/ComputeUVMappingProcess.h" />
		<Unit filename="../../SDK/assimp3.0-src/code/ConvertToLHProcess.cpp" />
		<Unit filename="../../SDK/assimp3.0-src/code/ConvertToLHProcess.h" />
		<Unit filename="../../SDK/assimp3.0-src/code/DXFHelper.h" />
		<Unit filename="../../SDK/assimp3.0-src/code/DXFLoader.cpp" />
		<Unit filename="../../SDK/assimp3.0-src/code/DXFLoader.h" />
		<Unit filename="../../SDK/assimp3.0-src/code/DeboneProcess.cpp" />
		<Unit filename="../../SDK/assimp3.0-src/code/DeboneProcess.h" />
		<Unit filename="../../SDK/assimp3.0-src/code/DefaultIOStream.cpp" />
		<Unit filename="../../SDK/assimp3.0-src/code/DefaultIOStream.h" />
		<Unit filename="../../SDK/assimp3.0-src/code/DefaultIOSystem.cpp" />
		<Unit filename="../../SDK/assimp3.0-src/code/DefaultIOSystem.h" />
		<Unit filename="../../SDK/assimp3.0-src/code/DefaultLogger.cpp" />
		<Unit filename="../../SDK/assimp3.0-src/code/DefaultProgressHandler.h" />
		<Unit filename="../../SDK/assimp3.0-src/code/Exceptional.h" />
		<Unit filename="../../SDK/assimp3.0-src/code/Exporter.cpp" />
		<Unit filename="../../SDK/assimp3.0-src/code/FileLogStream.h" />
		<Unit filename="../../SDK/assimp3.0-src/code/FileSystemFilter.h" />
		<Unit filename="../../SDK/assimp3.0-src/code/FindDegenerates.cpp" />
		<Unit filename="../../SDK/assimp3.0-src/code/FindDegenerates.h" />
		<Unit filename="../../SDK/assimp3.0-src/code/FindInstancesProcess.cpp" />
		<Unit filename="../../SDK/assimp3.0-src/code/FindInstancesProcess.h" />
		<Unit filename="../../SDK/assimp3.0-src/code/FindInvalidDataProcess.cpp" />
		<Unit filename="../../SDK/assimp3.0-src/code/FindInvalidDataProcess.h" />
		<Unit filename="../../SDK/assimp3.0-src/code/FixNormalsStep.cpp" />
		<Unit filename="../../SDK/assimp3.0-src/code/FixNormalsStep.h" />
		<Unit filename="../../SDK/assimp3.0-src/code/GenFaceNormalsProcess.cpp" />
		<Unit filename="../../SDK/assimp3.0-src/code/GenFaceNormalsProcess.h" />
		<Unit filename="../../SDK/assimp3.0-src/code/GenVertexNormalsProcess.cpp" />
		<Unit filename="../../SDK/assimp3.0-src/code/GenVertexNormalsProcess.h" />
		<Unit filename="../../SDK/assimp3.0-src/code/GenericProperty.h" />
		<Unit filename="../../SDK/assimp3.0-src/code/HMPFileData.h" />
		<Unit filename="../../SDK/assimp3.0-src/code/HMPLoader.cpp" />
		<Unit filename="../../SDK/assimp3.0-src/code/HMPLoader.h" />
		<Unit filename="../../SDK/assimp3.0-src/code/HalfLifeFileData.h" />
		<Unit filename="../../SDK/assimp3.0-src/code/Hash.h" />
		<Unit filename="../../SDK/assimp3.0-src/code/IFCCurve.cpp" />
		<Unit filename="../../SDK/assimp3.0-src/code/IFCGeometry.cpp" />
		<Unit filename="../../SDK/assimp3.0-src/code/IFCLoader.cpp" />
		<Unit filename="../../SDK/assimp3.0-src/code/IFCLoader.h" />
		<Unit filename="../../SDK/assimp3.0-src/code/IFCMaterial.cpp" />
		<Unit filename="../../SDK/assimp3.0-src/code/IFCProfile.cpp" />
		<Unit filename="../../SDK/assimp3.0-src/code/IFCReaderGen.cpp" />
		<Unit filename="../../SDK/assimp3.0-src/code/IFCReaderGen.h" />
		<Unit filename="../../SDK/assimp3.0-src/code/IFCUtil.cpp" />
		<Unit filename="../../SDK/assimp3.0-src/code/IFCUtil.h" />
		<Unit filename="../../SDK/assimp3.0-src/code/IFF.h" />
		<Unit filename="../../SDK/assimp3.0-src/code/IRRLoader.cpp" />
		<Unit filename="../../SDK/assimp3.0-src/code/IRRLoader.h" />
		<Unit filename="../../SDK/assimp3.0-src/code/IRRMeshLoader.cpp" />
		<Unit filename="../../SDK/assimp3.0-src/code/IRRMeshLoader.h" />
		<Unit filename="../../SDK/assimp3.0-src/code/IRRShared.cpp" />
		<Unit filename="../../SDK/assimp3.0-src/code/IRRShared.h" />
		<Unit filename="../../SDK/assimp3.0-src/code/Importer.cpp" />
		<Unit filename="../../SDK/assimp3.0-src/code/Importer.h" />
		<Unit filename="../../SDK/assimp3.0-src/code/ImporterRegistry.cpp" />
		<Unit filename="../../SDK/assimp3.0-src/code/ImproveCacheLocality.cpp" />
		<Unit filename="../../SDK/assimp3.0-src/code/ImproveCacheLocality.h" />
		<Unit filename="../../SDK/assimp3.0-src/code/JoinVerticesProcess.cpp" />
		<Unit filename="../../SDK/assimp3.0-src/code/JoinVerticesProcess.h" />
		<Unit filename="../../SDK/assimp3.0-src/code/LWOAnimation.cpp" />
		<Unit filename="../../SDK/assimp3.0-src/code/LWOAnimation.h" />
		<Unit filename="../../SDK/assimp3.0-src/code/LWOBLoader.cpp" />
		<Unit filename="../../SDK/assimp3.0-src/code/LWOFileData.h" />
		<Unit filename="../../SDK/assimp3.0-src/code/LWOLoader.cpp" />
		<Unit filename="../../SDK/assimp3.0-src/code/LWOLoader.h" />
		<Unit filename="../../SDK/assimp3.0-src/code/LWOMaterial.cpp" />
		<Unit filename="../../SDK/assimp3.0-src/code/LWSLoader.cpp" />
		<Unit filename="../../SDK/assimp3.0-src/code/LWSLoader.h" />
		<Unit filename="../../SDK/assimp3.0-src/code/LimitBoneWeightsProcess.cpp" />
		<Unit filename="../../SDK/assimp3.0-src/code/LimitBoneWeightsProcess.h" />
		<Unit filename="../../SDK/assimp3.0-src/code/LineSplitter.h" />
		<Unit filename="../../SDK/assimp3.0-src/code/LogAux.h" />
		<Unit filename="../../SDK/assimp3.0-src/code/M3Importer.cpp" />
		<Unit filename="../../SDK/assimp3.0-src/code/M3Importer.h" />
		<Unit filename="../../SDK/assimp3.0-src/code/MD2FileData.h" />
		<Unit filename="../../SDK/assimp3.0-src/code/MD2Loader.cpp" />
		<Unit filename="../../SDK/assimp3.0-src/code/MD2Loader.h" />
		<Unit filename="../../SDK/assimp3.0-src/code/MD2NormalTable.h" />
		<Unit filename="../../SDK/assimp3.0-src/code/MD3FileData.h" />
		<Unit filename="../../SDK/assimp3.0-src/code/MD3Loader.cpp" />
		<Unit filename="../../SDK/assimp3.0-src/code/MD3Loader.h" />
		<Unit filename="../../SDK/assimp3.0-src/code/MD4FileData.h" />
		<Unit filename="../../SDK/assimp3.0-src/code/MD5Loader.cpp" />
		<Unit filename="../../SDK/assimp3.0-src/code/MD5Loader.h" />
		<Unit filename="../../SDK/assimp3.0-src/code/MD5Parser.cpp" />
		<Unit filename="../../SDK/assimp3.0-src/code/MD5Parser.h" />
		<Unit filename="../../SDK/assimp3.0-src/code/MDCFileData.h" />
		<Unit filename="../../SDK/assimp3.0-src/code/MDCLoader.cpp" />
		<Unit filename="../../SDK/assimp3.0-src/code/MDCLoader.h" />
		<Unit filename="../../SDK/assimp3.0-src/code/MDCNormalTable.h" />
		<Unit filename="../../SDK/assimp3.0-src/code/MDLDefaultColorMap.h" />
		<Unit filename="../../SDK/assimp3.0-src/code/MDLFileData.h" />
		<Unit filename="../../SDK/assimp3.0-src/code/MDLLoader.cpp" />
		<Unit filename="../../SDK/assimp3.0-src/code/MDLLoader.h" />
		<Unit filename="../../SDK/assimp3.0-src/code/MDLMaterialLoader.cpp" />
		<Unit filename="../../SDK/assimp3.0-src/code/MS3DLoader.cpp" />
		<Unit filename="../../SDK/assimp3.0-src/code/MS3DLoader.h" />
		<Unit filename="../../SDK/assimp3.0-src/code/MakeVerboseFormat.cpp" />
		<Unit filename="../../SDK/assimp3.0-src/code/MakeVerboseFormat.h" />
		<Unit filename="../../SDK/assimp3.0-src/code/MaterialSystem.cpp" />
		<Unit filename="../../SDK/assimp3.0-src/code/MaterialSystem.h" />
		<Unit filename="../../SDK/assimp3.0-src/code/MemoryIOWrapper.h" />
		<Unit filename="../../SDK/assimp3.0-src/code/NDOLoader.cpp" />
		<Unit filename="../../SDK/assimp3.0-src/code/NDOLoader.h" />
		<Unit filename="../../SDK/assimp3.0-src/code/NFFLoader.cpp" />
		<Unit filename="../../SDK/assimp3.0-src/code/NFFLoader.h" />
		<Unit filename="../../SDK/assimp3.0-src/code/OFFLoader.cpp" />
		<Unit filename="../../SDK/assimp3.0-src/code/OFFLoader.h" />
		<Unit filename="../../SDK/assimp3.0-src/code/ObjExporter.cpp" />
		<Unit filename="../../SDK/assimp3.0-src/code/ObjExporter.h" />
		<Unit filename="../../SDK/assimp3.0-src/code/ObjFileData.h" />
		<Unit filename="../../SDK/assimp3.0-src/code/ObjFileImporter.cpp" />
		<Unit filename="../../SDK/assimp3.0-src/code/ObjFileImporter.h" />
		<Unit filename="../../SDK/assimp3.0-src/code/ObjFileMtlImporter.cpp" />
		<Unit filename="../../SDK/assimp3.0-src/code/ObjFileMtlImporter.h" />
		<Unit filename="../../SDK/assimp3.0-src/code/ObjFileParser.cpp" />
		<Unit filename="../../SDK/assimp3.0-src/code/ObjFileParser.h" />
		<Unit filename="../../SDK/assimp3.0-src/code/ObjTools.h" />
		<Unit filename="../../SDK/assimp3.0-src/code/OgreImporter.cpp" />
		<Unit filename="../../SDK/assimp3.0-src/code/OgreImporter.hpp" />
		<Unit filename="../../SDK/assimp3.0-src/code/OgreMaterial.cpp" />
		<Unit filename="../../SDK/assimp3.0-src/code/OgreMesh.cpp" />
		<Unit filename="../../SDK/assimp3.0-src/code/OgreSkeleton.cpp" />
		<Unit filename="../../SDK/assimp3.0-src/code/OgreXmlHelper.hpp" />
		<Unit filename="../../SDK/assimp3.0-src/code/OptimizeGraph.cpp" />
		<Unit filename="../../SDK/assimp3.0-src/code/OptimizeGraph.h" />
		<Unit filename="../../SDK/assimp3.0-src/code/OptimizeMeshes.cpp" />
		<Unit filename="../../SDK/assimp3.0-src/code/OptimizeMeshes.h" />
		<Unit filename="../../SDK/assimp3.0-src/code/ParsingUtils.h" />
		<Unit filename="../../SDK/assimp3.0-src/code/PlyExporter.cpp" />
		<Unit filename="../../SDK/assimp3.0-src/code/PlyExporter.h" />
		<Unit filename="../../SDK/assimp3.0-src/code/PlyLoader.cpp" />
		<Unit filename="../../SDK/assimp3.0-src/code/PlyLoader.h" />
		<Unit filename="../../SDK/assimp3.0-src/code/PlyParser.cpp" />
		<Unit filename="../../SDK/assimp3.0-src/code/PlyParser.h" />
		<Unit filename="../../SDK/assimp3.0-src/code/PolyTools.h" />
		<Unit filename="../../SDK/assimp3.0-src/code/PostStepRegistry.cpp" />
		<Unit filename="../../SDK/assimp3.0-src/code/PretransformVertices.cpp" />
		<Unit filename="../../SDK/assimp3.0-src/code/PretransformVertices.h" />
		<Unit filename="../../SDK/assimp3.0-src/code/ProcessHelper.cpp" />
		<Unit filename="../../SDK/assimp3.0-src/code/ProcessHelper.h" />
		<Unit filename="../../SDK/assimp3.0-src/code/Profiler.h" />
		<Unit filename="../../SDK/assimp3.0-src/code/Q3BSPFileData.h" />
		<Unit filename="../../SDK/assimp3.0-src/code/Q3BSPFileImporter.cpp" />
		<Unit filename="../../SDK/assimp3.0-src/code/Q3BSPFileImporter.h" />
		<Unit filename="../../SDK/assimp3.0-src/code/Q3BSPFileParser.cpp" />
		<Unit filename="../../SDK/assimp3.0-src/code/Q3BSPFileParser.h" />
		<Unit filename="../../SDK/assimp3.0-src/code/Q3BSPZipArchive.cpp" />
		<Unit filename="../../SDK/assimp3.0-src/code/Q3BSPZipArchive.h" />
		<Unit filename="../../SDK/assimp3.0-src/code/Q3DLoader.cpp" />
		<Unit filename="../../SDK/assimp3.0-src/code/Q3DLoader.h" />
		<Unit filename="../../SDK/assimp3.0-src/code/RawLoader.cpp" />
		<Unit filename="../../SDK/assimp3.0-src/code/RawLoader.h" />
		<Unit filename="../../SDK/assimp3.0-src/code/RemoveComments.cpp" />
		<Unit filename="../../SDK/assimp3.0-src/code/RemoveComments.h" />
		<Unit filename="../../SDK/assimp3.0-src/code/RemoveRedundantMaterials.cpp" />
		<Unit filename="../../SDK/assimp3.0-src/code/RemoveRedundantMaterials.h" />
		<Unit filename="../../SDK/assimp3.0-src/code/RemoveVCProcess.cpp" />
		<Unit filename="../../SDK/assimp3.0-src/code/RemoveVCProcess.h" />
		<Unit filename="../../SDK/assimp3.0-src/code/SGSpatialSort.cpp" />
		<Unit filename="../../SDK/assimp3.0-src/code/SGSpatialSort.h" />
		<Unit filename="../../SDK/assimp3.0-src/code/SMDLoader.cpp" />
		<Unit filename="../../SDK/assimp3.0-src/code/SMDLoader.h" />
		<Unit filename="../../SDK/assimp3.0-src/code/STEPFile.h" />
		<Unit filename="../../SDK/assimp3.0-src/code/STEPFileReader.cpp" />
		<Unit filename="../../SDK/assimp3.0-src/code/STEPFileReader.h" />
		<Unit filename="../../SDK/assimp3.0-src/code/STLExporter.cpp" />
		<Unit filename="../../SDK/assimp3.0-src/code/STLExporter.h" />
		<Unit filename="../../SDK/assimp3.0-src/code/STLLoader.cpp" />
		<Unit filename="../../SDK/assimp3.0-src/code/STLLoader.h" />
		<Unit filename="../../SDK/assimp3.0-src/code/SceneCombiner.cpp" />
		<Unit filename="../../SDK/assimp3.0-src/code/SceneCombiner.h" />
		<Unit filename="../../SDK/assimp3.0-src/code/ScenePreprocessor.cpp" />
		<Unit filename="../../SDK/assimp3.0-src/code/ScenePreprocessor.h" />
		<Unit filename="../../SDK/assimp3.0-src/code/ScenePrivate.h" />
		<Unit filename="../../SDK/assimp3.0-src/code/SkeletonMeshBuilder.cpp" />
		<Unit filename="../../SDK/assimp3.0-src/code/SkeletonMeshBuilder.h" />
		<Unit filename="../../SDK/assimp3.0-src/code/SmoothingGroups.h" />
		<Unit filename="../../SDK/assimp3.0-src/code/SmoothingGroups.inl" />
		<Unit filename="../../SDK/assimp3.0-src/code/SortByPTypeProcess.cpp" />
		<Unit filename="../../SDK/assimp3.0-src/code/SortByPTypeProcess.h" />
		<Unit filename="../../SDK/assimp3.0-src/code/SpatialSort.cpp" />
		<Unit filename="../../SDK/assimp3.0-src/code/SpatialSort.h" />
		<Unit filename="../../SDK/assimp3.0-src/code/SplitByBoneCountProcess.cpp" />
		<Unit filename="../../SDK/assimp3.0-src/code/SplitByBoneCountProcess.h" />
		<Unit filename="../../SDK/assimp3.0-src/code/SplitLargeMeshes.cpp" />
		<Unit filename="../../SDK/assimp3.0-src/code/SplitLargeMeshes.h" />
		<Unit filename="../../SDK/assimp3.0-src/code/StandardShapes.cpp" />
		<Unit filename="../../SDK/assimp3.0-src/code/StandardShapes.h" />
		<Unit filename="../../SDK/assimp3.0-src/code/StdOStreamLogStream.h" />
		<Unit filename="../../SDK/assimp3.0-src/code/StreamReader.h" />
		<Unit filename="../../SDK/assimp3.0-src/code/StringComparison.h" />
		<Unit filename="../../SDK/assimp3.0-src/code/Subdivision.cpp" />
		<Unit filename="../../SDK/assimp3.0-src/code/Subdivision.h" />
		<Unit filename="../../SDK/assimp3.0-src/code/TargetAnimation.cpp" />
		<Unit filename="../../SDK/assimp3.0-src/code/TargetAnimation.h" />
		<Unit filename="../../SDK/assimp3.0-src/code/TerragenLoader.cpp" />
		<Unit filename="../../SDK/assimp3.0-src/code/TerragenLoader.h" />
		<Unit filename="../../SDK/assimp3.0-src/code/TextureTransform.cpp" />
		<Unit filename="../../SDK/assimp3.0-src/code/TextureTransform.h" />
		<Unit filename="../../SDK/assimp3.0-src/code/TinyFormatter.h" />
		<Unit filename="../../SDK/assimp3.0-src/code/TriangulateProcess.cpp" />
		<Unit filename="../../SDK/assimp3.0-src/code/TriangulateProcess.h" />
		<Unit filename="../../SDK/assimp3.0-src/code/UnrealLoader.cpp" />
		<Unit filename="../../SDK/assimp3.0-src/code/UnrealLoader.h" />
		<Unit filename="../../SDK/assimp3.0-src/code/ValidateDataStructure.cpp" />
		<Unit filename="../../SDK/assimp3.0-src/code/ValidateDataStructure.h" />
		<Unit filename="../../SDK/assimp3.0-src/code/Vertex.h" />
		<Unit filename="../../SDK/assimp3.0-src/code/VertexTriangleAdjacency.cpp" />
		<Unit filename="../../SDK/assimp3.0-src/code/VertexTriangleAdjacency.h" />
		<Unit filename="../../SDK/assimp3.0-src/code/Win32DebugLogStream.h" />
		<Unit filename="../../SDK/assimp3.0-src/code/XFileHelper.h" />
		<Unit filename="../../SDK/assimp3.0-src/code/XFileImporter.cpp" />
		<Unit filename="../../SDK/assimp3.0-src/code/XFileImporter.h" />
		<Unit filename="../../SDK/assimp3.0-src/code/XFileParser.cpp" />
		<Unit filename="../../SDK/assimp3.0-src/code/XFileParser.h" />
		<Unit filename="../../SDK/assimp3.0-src/code/XGLLoader.cpp" />
		<Unit filename="../../SDK/assimp3.0-src/code/XGLLoader.h" />
		<Unit filename="../../SDK/assimp3.0-src/code/assbin_chunks.h" />
		<Unit filename="../../SDK/assimp3.0-src/code/fast_atof.h" />
		<Unit filename="../../SDK/assimp3.0-src/code/irrXMLWrapper.h" />
		<Unit filename="../../SDK/assimp3.0-src/code/makefile.mingw" />
		<Unit filename="../../SDK/assimp3.0-src/code/pstdint.h" />
		<Unit filename="../../SDK/assimp3.0-src/code/qnan.h" />
		<Unit filename="../../SDK/assimp3.0-src/contrib/ConvertUTF/ConvertUTF.c">
			<Option compilerVar="CC" />
		</Unit>
		<Unit filename="../../SDK/assimp3.0-src/contrib/ConvertUTF/ConvertUTF.h" />
		<Unit filename="../../SDK/assimp3.0-src/contrib/clipper/clipper.cpp" />
		<Unit filename="../../SDK/assimp3.0-src/contrib/clipper/clipper.hpp" />
		<Unit filename="../../SDK/assimp3.0-src/contrib/irrXML/CXMLReaderImpl.h" />
		<Unit filename="../../SDK/assimp3.0-src/contrib/irrXML/heapsort.h" />
		<Unit filename="../../SDK/assimp3.0-src/contrib/irrXML/irrArray.h" />
		<Unit filename="../../SDK/assimp3.0-src/contrib/irrXML/irrString.h" />
		<Unit filename="../../SDK/assimp3.0-src/contrib/irrXML/irrTypes.h" />
		<Unit filename="../../SDK/assimp3.0-src/contrib/irrXML/irrXML.cpp" />
		<Unit filename="../../SDK/assimp3.0-src/contrib/irrXML/irrXML.h" />
		<Unit filename="../../SDK/assimp3.0-src/contrib/poly2tri/poly2tri/common/shapes.cc" />
		<Unit filename="../../SDK/assimp3.0-src/contrib/poly2tri/poly2tri/common/shapes.h" />
		<Unit filename="../../SDK/assimp3.0-src/contrib/poly2tri/poly2tri/common/utils.h" />
		<Unit filename="../../SDK/assimp3.0-src/contrib/poly2tri/poly2tri/sweep/advancing_front.cc" />
		<Unit filename="../../SDK/assimp3.0-src/contrib/poly2tri/poly2tri/sweep/advancing_front.h" />
		<Unit filename="../../SDK/assimp3.0-src/contrib/poly2tri/poly2tri/sweep/cdt.cc" />
		<Unit filename="../../SDK/assimp3.0-src/contrib/poly2tri/poly2tri/sweep/cdt.h" />
		<Unit filename="../../SDK/assimp3.0-src/contrib/poly2tri/poly2tri/sweep/sweep.cc" />
		<Unit filename="../../SDK/assimp3.0-src/contrib/poly2tri/poly2tri/sweep/sweep.h" />
		<Unit filename="../../SDK/assimp3.0-src/contrib/poly2tri/poly2tri/sweep/sweep_context.cc" />
		<Unit filename="../../SDK/assimp3.0-src/contrib/poly2tri/poly2tri/sweep/sweep_context.h" />
		<Unit filename="../../SDK/assimp3.0-src/contrib/unzip/crypt.h" />
		<Unit filename="../../SDK/assimp3.0-src/contrib/unzip/ioapi.c">
			<Option compilerVar="CC" />
		</Unit>
		<Unit filename="../../SDK/assimp3.0-src/contrib/unzip/ioapi.h" />
		<Unit filename="../../SDK/assimp3.0-src/contrib/unzip/unzip.c">
			<Option compilerVar="CC" />
		</Unit>
		<Unit filename="../../SDK/assimp3.0-src/contrib/unzip/unzip.h" />
		<Unit filename="../../SDK/lpng162/png.c">
			<Option compilerVar="CC" />
		</Unit>
		<Unit filename="../../SDK/lpng162/png.h" />
		<Unit filename="../../SDK/lpng162/pngerror.c">
			<Option compilerVar="CC" />
		</Unit>
		<Unit filename="../../SDK/lpng162/pngget.c">
			<Option compilerVar="CC" />
		</Unit>
		<Unit filename="../../SDK/lpng162/pngmem.c">
			<Option compilerVar="CC" />
		</Unit>
		<Unit filename="../../SDK/lpng162/pngpread.c">
			<Option compilerVar="CC" />
		</Unit>
		<Unit filename="../../SDK/lpng162/pngread.c">
			<Option compilerVar="CC" />
		</Unit>
		<Unit filename="../../SDK/lpng162/pngrio.c">
			<Option compilerVar="CC" />
		</Unit>
		<Unit filename="../../SDK/lpng162/pngrtran.c">
			<Option compilerVar="CC" />
		</Unit>
		<Unit filename="../../SDK/lpng162/pngrutil.c">
			<Option compilerVar="CC" />
		</Unit>
		<Unit filename="../../SDK/lpng162/pngset.c">
			<Option compilerVar="CC" />
		</Unit>
		<Unit filename="../../SDK/lpng162/pngtrans.c">
			<Option compilerVar="CC" />
		</Unit>
		<Unit filename="../../SDK/lpng162/pngwio.c">
			<Option compilerVar="CC" />
		</Unit>
		<Unit filename="../../SDK/lpng162/pngwrite.c">
			<Option compilerVar="CC" />
		</Unit>
		<Unit filename="../../SDK/lpng162/pngwtran.c">
			<Option compilerVar="CC" />
		</Unit>
		<Unit filename="../../SDK/lpng162/pngwutil.c">
			<Option compilerVar="CC" />
		</Unit>
		<Unit filename="../../SDK/md5/md5.cpp" />
		<Unit filename="../../SDK/zlib/adler32.c">
			<Option compilerVar="CC" />
		</Unit>
		<Unit filename="../../SDK/zlib/compress.c">
			<Option compilerVar="CC" />
		</Unit>
		<Unit filename="../../SDK/zlib/crc32.c">
			<Option compilerVar="CC" />
		</Unit>
		<Unit filename="../../SDK/zlib/crc32.h" />
		<Unit filename="../../SDK/zlib/deflate.c">
			<Option compilerVar="CC" />
		</Unit>
		<Unit filename="../../SDK/zlib/deflate.h" />
		<Unit filename="../../SDK/zlib/gzio.c">
			<Option compilerVar="CC" />
		</Unit>
		<Unit filename="../../SDK/zlib/infback.c">
			<Option compilerVar="CC" />
		</Unit>
		<Unit filename="../../SDK/zlib/inffast.c">
			<Option compilerVar="CC" />
		</Unit>
		<Unit filename="../../SDK/zlib/inffast.h" />
		<Unit filename="../../SDK/zlib/inflate.c">
			<Option compilerVar="CC" />
		</Unit>
		<Unit filename="../../SDK/zlib/inflate.h" />
		<Unit filename="../../SDK/zlib/inftrees.c">
			<Option compilerVar="CC" />
		</Unit>
		<Unit filename="../../SDK/zlib/inftrees.h" />
		<Unit filename="../../SDK/zlib/trees.c">
			<Option compilerVar="CC" />
		</Unit>
		<Unit filename="../../SDK/zlib/trees.h" />
		<Unit filename="../../SDK/zlib/uncompr.c">
			<Option compilerVar="CC" />
		</Unit>
		<Unit filename="../../SDK/zlib/zconf.h" />
		<Unit filename="../../SDK/zlib/zutil.c">
			<Option compilerVar="CC" />
		</Unit>
		<Unit filename="../../SDK/zlib/zutil.h" />
		<Unit filename="../../dlstorm/c_console.cpp" />
		<Unit filename="../../dlstorm/c_console.h" />
		<Unit filename="../../dlstorm/c_data.cpp" />
		<Unit filename="../../dlstorm/c_data.h" />
		<Unit filename="../../dlstorm/c_entity.cpp" />
		<Unit filename="../../dlstorm/c_gaf.cpp" />
		<Unit filename="../../dlstorm/c_gaf.h" />
		<Unit filename="../../dlstorm/c_gfx.cpp" />
		<Unit filename="../../dlstorm/c_gfx.h" />
		<Unit filename="../../dlstorm/c_gl3dmodel.cpp" />
		<Unit filename="../../dlstorm/c_gl3dmodel.h" />
		<Unit filename="../../dlstorm/c_glfont.cpp" />
		<Unit filename="../../dlstorm/c_glfont.h" />
		<Unit filename="../../dlstorm/c_glmouse.cpp" />
		<Unit filename="../../dlstorm/c_glmouse.h" />
		<Unit filename="../../dlstorm/c_gltexture.cpp" />
		<Unit filename="../../dlstorm/c_gltexture.h" />
		<Unit filename="../../dlstorm/c_gui.cpp" />
		<Unit filename="../../dlstorm/c_gui.h" />
		<Unit filename="../../dlstorm/c_gui_chat_enum.h" />
		<Unit filename="../../dlstorm/c_hash.cpp" />
		<Unit filename="../../dlstorm/c_hash.h" />
		<Unit filename="../../dlstorm/c_log.cpp" />
		<Unit filename="../../dlstorm/c_log.h" />
		<Unit filename="../../dlstorm/c_net.cpp" />
		<Unit filename="../../dlstorm/c_net.h" />
		<Unit filename="../../dlstorm/c_snd.cpp" />
		<Unit filename="../../dlstorm/c_snd.h" />
		<Unit filename="../../dlstorm/c_timer.cpp" />
		<Unit filename="../../dlstorm/c_timer.h" />
		<Unit filename="../../dlstorm/dlstorm.cpp" />
		<Unit filename="../../dlstorm/dlstorm.h" />
		<Unit filename="../../dlstorm/glerrors.cpp" />
		<Unit filename="../../dlstorm/glerrors.h" />
		<Unit filename="../../dlstorm/network_messages.h" />
		<Unit filename="../../dlstorm/s_gnu.cpp" />
		<Unit filename="../../dlstorm/s_gnu.h" />
		<Unit filename="../c_entity.h" />
		<Unit filename="../manclient.cpp" />
		<Unit filename="../manclient.h" />
		<Unit filename="client.log" />
		<Unit filename="client.nova.ini" />
		<Unit filename="client.zerowing.ini" />
		<Extensions>
			<envvars />
			<code_completion />
			<lib_finder disable_auto="1" />
			<debugger />
		</Extensions>
	</Project>
</CodeBlocks_project_file>
