<?xml version="1.0" encoding="UTF-8" standalone="yes" ?>
<CodeBlocks_project_file>
	<FileVersion major="1" minor="6" />
	<Project>
		<Option title="ember_game_client_windows" />
		<Option pch_mode="2" />
		<Option compiler="gcc" />
		<Build>
			<Target title="Debug">
				<Option output="Mantra_Debug" prefix_auto="1" extension_auto="1" />
				<Option object_output="obj/Debug/" />
				<Option type="1" />
				<Option compiler="gcc" />
				<Compiler>
					<Add option="-w" />
					<Add option="-Wextra" />
					<Add option="-Wall" />
					<Add option="-pg" />
					<Add option="-g" />
					<Add option="-fpermissive" />
					<Add option="-D_DEBUG_DLCS" />
				</Compiler>
				<Linker>
					<Add option="-pg -lgmon" />
				</Linker>
			</Target>
			<Target title="Release">
				<Option output="Mantra" prefix_auto="1" extension_auto="1" />
				<Option object_output="obj/Release/" />
				<Option type="0" />
				<Option compiler="gcc" />
				<Compiler>
					<Add option="-O2" />
					<Add option="-w" />
					<Add option="-fpermissive" />
				</Compiler>
				<Linker>
					<Add option="-s" />
				</Linker>
			</Target>
		</Build>
		<Compiler>
			<Add option="-Wall" />
			<Add option="-Wswitch" />
			<Add directory="C:/projects/SDK/SDL-1.2.15/include" />
		</Compiler>
		<Linker>
			<Add library="mingw32" />
			<Add library="SDLmain" />
			<Add library="SDL.dll" />
			<Add library="user32" />
			<Add library="gdi32" />
			<Add library="winmm" />
			<Add library="dxguid" />
			<Add library="Glu32" />
			<Add library="GLAux" />
			<Add library="OpenGL32" />
			<Add library="ws2_32" />
			<Add library="assimp" />
			<Add library="DevIL" />
			<Add library="ILu" />
			<Add library="ILut" />
			<Add directory="C:/projects/SDK/SDL-1.2.15/lib" />
		</Linker>
		<Unit filename="../../SDK/libjpeg/Makefile.am" />
		<Unit filename="../../SDK/libjpeg/Makefile.in" />
		<Unit filename="../../SDK/libjpeg/README" />
		<Unit filename="../../SDK/libjpeg/aclocal.m4" />
		<Unit filename="../../SDK/libjpeg/ar-lib" />
		<Unit filename="../../SDK/libjpeg/change.log" />
		<Unit filename="../../SDK/libjpeg/cjpeg.1" />
		<Unit filename="../../SDK/libjpeg/coderules.txt" />
		<Unit filename="../../SDK/libjpeg/config.guess" />
		<Unit filename="../../SDK/libjpeg/config.sub" />
		<Unit filename="../../SDK/libjpeg/configure" />
		<Unit filename="../../SDK/libjpeg/configure.ac" />
		<Unit filename="../../SDK/libjpeg/depcomp" />
		<Unit filename="../../SDK/libjpeg/djpeg.1" />
		<Unit filename="../../SDK/libjpeg/filelist.txt" />
		<Unit filename="../../SDK/libjpeg/install-sh" />
		<Unit filename="../../SDK/libjpeg/install.txt" />
		<Unit filename="../../SDK/libjpeg/jaricom.c">
			<Option compilerVar="CC" />
		</Unit>
		<Unit filename="../../SDK/libjpeg/jcapimin.c">
			<Option compilerVar="CC" />
		</Unit>
		<Unit filename="../../SDK/libjpeg/jcmarker.c">
			<Option compilerVar="CC" />
		</Unit>
		<Unit filename="../../SDK/libjpeg/jcomapi.c">
			<Option compilerVar="CC" />
		</Unit>
		<Unit filename="../../SDK/libjpeg/jconfig.bcc" />
		<Unit filename="../../SDK/libjpeg/jconfig.cfg" />
		<Unit filename="../../SDK/libjpeg/jconfig.dj" />
		<Unit filename="../../SDK/libjpeg/jconfig.h" />
		<Unit filename="../../SDK/libjpeg/jconfig.mac" />
		<Unit filename="../../SDK/libjpeg/jconfig.manx" />
		<Unit filename="../../SDK/libjpeg/jconfig.mc6" />
		<Unit filename="../../SDK/libjpeg/jconfig.sas" />
		<Unit filename="../../SDK/libjpeg/jconfig.st" />
		<Unit filename="../../SDK/libjpeg/jconfig.txt" />
		<Unit filename="../../SDK/libjpeg/jconfig.vc" />
		<Unit filename="../../SDK/libjpeg/jconfig.vms" />
		<Unit filename="../../SDK/libjpeg/jconfig.wat" />
		<Unit filename="../../SDK/libjpeg/jdapimin.c">
			<Option compilerVar="CC" />
		</Unit>
		<Unit filename="../../SDK/libjpeg/jdapistd.c">
			<Option compilerVar="CC" />
		</Unit>
		<Unit filename="../../SDK/libjpeg/jdarith.c">
			<Option compilerVar="CC" />
		</Unit>
		<Unit filename="../../SDK/libjpeg/jdatasrc.c">
			<Option compilerVar="CC" />
		</Unit>
		<Unit filename="../../SDK/libjpeg/jdcoefct.c">
			<Option compilerVar="CC" />
		</Unit>
		<Unit filename="../../SDK/libjpeg/jdcolor.c">
			<Option compilerVar="CC" />
		</Unit>
		<Unit filename="../../SDK/libjpeg/jddctmgr.c">
			<Option compilerVar="CC" />
		</Unit>
		<Unit filename="../../SDK/libjpeg/jdhuff.c">
			<Option compilerVar="CC" />
		</Unit>
		<Unit filename="../../SDK/libjpeg/jdinput.c">
			<Option compilerVar="CC" />
		</Unit>
		<Unit filename="../../SDK/libjpeg/jdmainct.c">
			<Option compilerVar="CC" />
		</Unit>
		<Unit filename="../../SDK/libjpeg/jdmarker.c">
			<Option compilerVar="CC" />
		</Unit>
		<Unit filename="../../SDK/libjpeg/jdmaster.c">
			<Option compilerVar="CC" />
		</Unit>
		<Unit filename="../../SDK/libjpeg/jdmerge.c">
			<Option compilerVar="CC" />
		</Unit>
		<Unit filename="../../SDK/libjpeg/jdosabcc.obj" />
		<Unit filename="../../SDK/libjpeg/jdosamsc.obj" />
		<Unit filename="../../SDK/libjpeg/jdosaobj.txt" />
		<Unit filename="../../SDK/libjpeg/jdpostct.c">
			<Option compilerVar="CC" />
		</Unit>
		<Unit filename="../../SDK/libjpeg/jdsample.c">
			<Option compilerVar="CC" />
		</Unit>
		<Unit filename="../../SDK/libjpeg/jerror.c">
			<Option compilerVar="CC" />
		</Unit>
		<Unit filename="../../SDK/libjpeg/jidctflt.c">
			<Option compilerVar="CC" />
		</Unit>
		<Unit filename="../../SDK/libjpeg/jidctfst.c">
			<Option compilerVar="CC" />
		</Unit>
		<Unit filename="../../SDK/libjpeg/jidctint.c">
			<Option compilerVar="CC" />
		</Unit>
		<Unit filename="../../SDK/libjpeg/jinclude.h" />
		<Unit filename="../../SDK/libjpeg/jmemansi.c">
			<Option compilerVar="CC" />
		</Unit>
		<Unit filename="../../SDK/libjpeg/jmemmgr.c">
			<Option compilerVar="CC" />
		</Unit>
		<Unit filename="../../SDK/libjpeg/jpegtran.1" />
		<Unit filename="../../SDK/libjpeg/jquant1.c">
			<Option compilerVar="CC" />
		</Unit>
		<Unit filename="../../SDK/libjpeg/jquant2.c">
			<Option compilerVar="CC" />
		</Unit>
		<Unit filename="../../SDK/libjpeg/jutils.c">
			<Option compilerVar="CC" />
		</Unit>
		<Unit filename="../../SDK/libjpeg/libjpeg.map" />
		<Unit filename="../../SDK/libjpeg/libjpeg.txt" />
		<Unit filename="../../SDK/libjpeg/ltmain.sh" />
		<Unit filename="../../SDK/libjpeg/makcjpeg.st" />
		<Unit filename="../../SDK/libjpeg/makdjpeg.st" />
		<Unit filename="../../SDK/libjpeg/makeadsw.vc6" />
		<Unit filename="../../SDK/libjpeg/makeasln.v10" />
		<Unit filename="../../SDK/libjpeg/makecdep.vc6" />
		<Unit filename="../../SDK/libjpeg/makecdsp.vc6" />
		<Unit filename="../../SDK/libjpeg/makecfil.v10" />
		<Unit filename="../../SDK/libjpeg/makecmak.vc6" />
		<Unit filename="../../SDK/libjpeg/makecvcx.v10" />
		<Unit filename="../../SDK/libjpeg/makeddep.vc6" />
		<Unit filename="../../SDK/libjpeg/makeddsp.vc6" />
		<Unit filename="../../SDK/libjpeg/makedfil.v10" />
		<Unit filename="../../SDK/libjpeg/makedmak.vc6" />
		<Unit filename="../../SDK/libjpeg/makedvcx.v10" />
		<Unit filename="../../SDK/libjpeg/makefile.ansi" />
		<Unit filename="../../SDK/libjpeg/makefile.bcc" />
		<Unit filename="../../SDK/libjpeg/makefile.dj" />
		<Unit filename="../../SDK/libjpeg/makefile.manx" />
		<Unit filename="../../SDK/libjpeg/makefile.mc6" />
		<Unit filename="../../SDK/libjpeg/makefile.mms" />
		<Unit filename="../../SDK/libjpeg/makefile.sas" />
		<Unit filename="../../SDK/libjpeg/makefile.unix" />
		<Unit filename="../../SDK/libjpeg/makefile.vc" />
		<Unit filename="../../SDK/libjpeg/makefile.vms" />
		<Unit filename="../../SDK/libjpeg/makefile.wat" />
		<Unit filename="../../SDK/libjpeg/makejdep.vc6" />
		<Unit filename="../../SDK/libjpeg/makejdsp.vc6" />
		<Unit filename="../../SDK/libjpeg/makejdsw.vc6" />
		<Unit filename="../../SDK/libjpeg/makejfil.v10" />
		<Unit filename="../../SDK/libjpeg/makejmak.vc6" />
		<Unit filename="../../SDK/libjpeg/makejsln.v10" />
		<Unit filename="../../SDK/libjpeg/makejvcx.v10" />
		<Unit filename="../../SDK/libjpeg/makeproj.mac" />
		<Unit filename="../../SDK/libjpeg/makerdep.vc6" />
		<Unit filename="../../SDK/libjpeg/makerdsp.vc6" />
		<Unit filename="../../SDK/libjpeg/makerfil.v10" />
		<Unit filename="../../SDK/libjpeg/makermak.vc6" />
		<Unit filename="../../SDK/libjpeg/makervcx.v10" />
		<Unit filename="../../SDK/libjpeg/maketdep.vc6" />
		<Unit filename="../../SDK/libjpeg/maketdsp.vc6" />
		<Unit filename="../../SDK/libjpeg/maketfil.v10" />
		<Unit filename="../../SDK/libjpeg/maketmak.vc6" />
		<Unit filename="../../SDK/libjpeg/maketvcx.v10" />
		<Unit filename="../../SDK/libjpeg/makewdep.vc6" />
		<Unit filename="../../SDK/libjpeg/makewdsp.vc6" />
		<Unit filename="../../SDK/libjpeg/makewfil.v10" />
		<Unit filename="../../SDK/libjpeg/makewmak.vc6" />
		<Unit filename="../../SDK/libjpeg/makewvcx.v10" />
		<Unit filename="../../SDK/libjpeg/makljpeg.st" />
		<Unit filename="../../SDK/libjpeg/maktjpeg.st" />
		<Unit filename="../../SDK/libjpeg/makvms.opt" />
		<Unit filename="../../SDK/libjpeg/missing" />
		<Unit filename="../../SDK/libjpeg/rdjpgcom.1" />
		<Unit filename="../../SDK/libjpeg/readme.dos" />
		<Unit filename="../../SDK/libjpeg/structure.txt" />
		<Unit filename="../../SDK/libjpeg/testimg.bmp" />
		<Unit filename="../../SDK/libjpeg/testimg.jpg" />
		<Unit filename="../../SDK/libjpeg/testimg.ppm" />
		<Unit filename="../../SDK/libjpeg/testimgp.jpg" />
		<Unit filename="../../SDK/libjpeg/testorig.jpg" />
		<Unit filename="../../SDK/libjpeg/testprog.jpg" />
		<Unit filename="../../SDK/libjpeg/usage.txt" />
		<Unit filename="../../SDK/libjpeg/wizard.txt" />
		<Unit filename="../../SDK/libjpeg/wrjpgcom.1" />
		<Unit filename="../../SDK/lpng162/png.c">
			<Option compilerVar="CC" />
		</Unit>
		<Unit filename="../../SDK/lpng162/png.h" />
		<Unit filename="../../SDK/lpng162/pngconf.h" />
		<Unit filename="../../SDK/lpng162/pngdebug.h" />
		<Unit filename="../../SDK/lpng162/pngerror.c">
			<Option compilerVar="CC" />
		</Unit>
		<Unit filename="../../SDK/lpng162/pngget.c">
			<Option compilerVar="CC" />
		</Unit>
		<Unit filename="../../SDK/lpng162/pnginfo.h" />
		<Unit filename="../../SDK/lpng162/pnglibconf.h" />
		<Unit filename="../../SDK/lpng162/pngmem.c">
			<Option compilerVar="CC" />
		</Unit>
		<Unit filename="../../SDK/lpng162/pngpread.c">
			<Option compilerVar="CC" />
		</Unit>
		<Unit filename="../../SDK/lpng162/pngpriv.h" />
		<Unit filename="../../SDK/lpng162/pngread.c">
			<Option compilerVar="CC" />
		</Unit>
		<Unit filename="../../SDK/lpng162/pngrio.c">
			<Option compilerVar="CC" />
		</Unit>
		<Unit filename="../../SDK/lpng162/pngrtran.c">
			<Option compilerVar="CC" />
		</Unit>
		<Unit filename="../../SDK/lpng162/pngrutil.c">
			<Option compilerVar="CC" />
		</Unit>
		<Unit filename="../../SDK/lpng162/pngset.c">
			<Option compilerVar="CC" />
		</Unit>
		<Unit filename="../../SDK/lpng162/pngstruct.h" />
		<Unit filename="../../SDK/lpng162/pngtrans.c">
			<Option compilerVar="CC" />
		</Unit>
		<Unit filename="../../SDK/lpng162/pngwio.c">
			<Option compilerVar="CC" />
		</Unit>
		<Unit filename="../../SDK/lpng162/pngwrite.c">
			<Option compilerVar="CC" />
		</Unit>
		<Unit filename="../../SDK/lpng162/pngwtran.c">
			<Option compilerVar="CC" />
		</Unit>
		<Unit filename="../../SDK/lpng162/pngwutil.c">
			<Option compilerVar="CC" />
		</Unit>
		<Unit filename="../../SDK/md5/md5.cpp" />
		<Unit filename="../../SDK/zlib/adler32.c">
			<Option compilerVar="CC" />
		</Unit>
		<Unit filename="../../SDK/zlib/compress.c">
			<Option compilerVar="CC" />
		</Unit>
		<Unit filename="../../SDK/zlib/crc32.c">
			<Option compilerVar="CC" />
		</Unit>
		<Unit filename="../../SDK/zlib/crc32.h" />
		<Unit filename="../../SDK/zlib/deflate.c">
			<Option compilerVar="CC" />
		</Unit>
		<Unit filename="../../SDK/zlib/deflate.h" />
		<Unit filename="../../SDK/zlib/gzio.c">
			<Option compilerVar="CC" />
		</Unit>
		<Unit filename="../../SDK/zlib/infback.c">
			<Option compilerVar="CC" />
		</Unit>
		<Unit filename="../../SDK/zlib/inffast.c">
			<Option compilerVar="CC" />
		</Unit>
		<Unit filename="../../SDK/zlib/inffast.h" />
		<Unit filename="../../SDK/zlib/inffixed.h" />
		<Unit filename="../../SDK/zlib/inflate.c">
			<Option compilerVar="CC" />
		</Unit>
		<Unit filename="../../SDK/zlib/inflate.h" />
		<Unit filename="../../SDK/zlib/inftrees.c">
			<Option compilerVar="CC" />
		</Unit>
		<Unit filename="../../SDK/zlib/inftrees.h" />
		<Unit filename="../../SDK/zlib/trees.c">
			<Option compilerVar="CC" />
		</Unit>
		<Unit filename="../../SDK/zlib/trees.h" />
		<Unit filename="../../SDK/zlib/uncompr.c">
			<Option compilerVar="CC" />
		</Unit>
		<Unit filename="../../SDK/zlib/zconf.h" />
		<Unit filename="../../SDK/zlib/zlib.h" />
		<Unit filename="../../SDK/zlib/zutil.c">
			<Option compilerVar="CC" />
		</Unit>
		<Unit filename="../../SDK/zlib/zutil.h" />
		<Unit filename="../../dlstorm/c_console.cpp" />
		<Unit filename="../../dlstorm/c_console.h" />
		<Unit filename="../../dlstorm/c_data.cpp" />
		<Unit filename="../../dlstorm/c_data.h" />
		<Unit filename="../../dlstorm/c_entity.cpp" />
		<Unit filename="../../dlstorm/c_entity.h" />
		<Unit filename="../../dlstorm/c_gaf.cpp" />
		<Unit filename="../../dlstorm/c_gaf.h" />
		<Unit filename="../../dlstorm/c_gfx.cpp" />
		<Unit filename="../../dlstorm/c_gfx.h" />
		<Unit filename="../../dlstorm/c_gl3dmodel.cpp" />
		<Unit filename="../../dlstorm/c_gl3dmodel.h" />
		<Unit filename="../../dlstorm/c_glfont.cpp" />
		<Unit filename="../../dlstorm/c_glfont.h" />
		<Unit filename="../../dlstorm/c_glmouse.cpp" />
		<Unit filename="../../dlstorm/c_glmouse.h" />
		<Unit filename="../../dlstorm/c_gltexture.cpp" />
		<Unit filename="../../dlstorm/c_gltexture.h" />
		<Unit filename="../../dlstorm/c_gui.cpp" />
		<Unit filename="../../dlstorm/c_gui.h" />
		<Unit filename="../../dlstorm/c_hash.cpp" />
		<Unit filename="../../dlstorm/c_hash.h" />
		<Unit filename="../../dlstorm/c_log.cpp" />
		<Unit filename="../../dlstorm/c_log.h" />
		<Unit filename="../../dlstorm/c_net.cpp" />
		<Unit filename="../../dlstorm/c_net.h" />
		<Unit filename="../../dlstorm/c_snd.cpp" />
		<Unit filename="../../dlstorm/c_snd.h" />
		<Unit filename="../../dlstorm/c_timer.cpp" />
		<Unit filename="../../dlstorm/c_timer.h" />
		<Unit filename="../../dlstorm/dlstorm.cpp" />
		<Unit filename="../../dlstorm/dlstorm.h" />
		<Unit filename="../../dlstorm/glerrors.cpp" />
		<Unit filename="../../dlstorm/glerrors.h" />
		<Unit filename="../manclient.cpp" />
		<Unit filename="../manclient.h" />
		<Unit filename="../mantra_version.h" />
		<Unit filename="client.Tempest.ini" />
		<Unit filename="client.Vendetta.ini" />
		<Unit filename="client.cobra.ini" />
		<Unit filename="client.log" />
		<Extensions>
			<code_completion />
			<envvars />
			<debugger />
			<lib_finder disable_auto="1" />
			<DoxyBlocks>
				<comment_style block="0" line="0" />
				<doxyfile_project />
				<doxyfile_build />
				<doxyfile_warnings />
				<doxyfile_output />
				<doxyfile_dot />
				<general />
			</DoxyBlocks>
		</Extensions>
	</Project>
</CodeBlocks_project_file>
