<?xml version="1.0" encoding="UTF-8" standalone="yes" ?>
<CodeBlocks_project_file>
	<FileVersion major="1" minor="6" />
	<Project>
		<Option title="ember_game_client_windows" />
		<Option pch_mode="2" />
		<Option compiler="gcc" />
		<Build>
			<Target title="Debug">
				<Option output="Mantra_Debug" prefix_auto="1" extension_auto="1" />
				<Option object_output="obj/Debug/" />
				<Option type="1" />
				<Option compiler="gcc" />
				<Compiler>
					<Add option="-w" />
					<Add option="-g" />
					<Add option="-fpermissive" />
				</Compiler>
			</Target>
			<Target title="Release">
				<Option output="Mantra" prefix_auto="1" extension_auto="1" />
				<Option object_output="obj/Release/" />
				<Option type="0" />
				<Option compiler="gcc" />
				<Compiler>
					<Add option="-O2" />
					<Add option="-w" />
					<Add option="-fpermissive" />
				</Compiler>
				<Linker>
					<Add option="-s" />
				</Linker>
			</Target>
		</Build>
		<Compiler>
			<Add option="-Wall" />
			<Add option="-Wswitch" />
			<Add directory="C:/projects/SDK/SDL-1.2.15/include" />
		</Compiler>
		<Linker>
			<Add library="mingw32" />
			<Add library="SDLmain" />
			<Add library="SDL.dll" />
			<Add library="user32" />
			<Add library="gdi32" />
			<Add library="winmm" />
			<Add library="dxguid" />
			<Add library="Glu32" />
			<Add library="GLAux" />
			<Add library="OpenGL32" />
			<Add library="ws2_32" />
			<Add directory="C:/projects/SDK/SDL-1.2.15/lib" />
		</Linker>
		<Unit filename="../../SDK/lpng162/png.c">
			<Option compilerVar="CC" />
		</Unit>
		<Unit filename="../../SDK/lpng162/png.h" />
		<Unit filename="../../SDK/lpng162/pngconf.h" />
		<Unit filename="../../SDK/lpng162/pngdebug.h" />
		<Unit filename="../../SDK/lpng162/pngerror.c">
			<Option compilerVar="CC" />
		</Unit>
		<Unit filename="../../SDK/lpng162/pngget.c">
			<Option compilerVar="CC" />
		</Unit>
		<Unit filename="../../SDK/lpng162/pnginfo.h" />
		<Unit filename="../../SDK/lpng162/pnglibconf.h" />
		<Unit filename="../../SDK/lpng162/pngmem.c">
			<Option compilerVar="CC" />
		</Unit>
		<Unit filename="../../SDK/lpng162/pngpread.c">
			<Option compilerVar="CC" />
		</Unit>
		<Unit filename="../../SDK/lpng162/pngpriv.h" />
		<Unit filename="../../SDK/lpng162/pngread.c">
			<Option compilerVar="CC" />
		</Unit>
		<Unit filename="../../SDK/lpng162/pngrio.c">
			<Option compilerVar="CC" />
		</Unit>
		<Unit filename="../../SDK/lpng162/pngrtran.c">
			<Option compilerVar="CC" />
		</Unit>
		<Unit filename="../../SDK/lpng162/pngrutil.c">
			<Option compilerVar="CC" />
		</Unit>
		<Unit filename="../../SDK/lpng162/pngset.c">
			<Option compilerVar="CC" />
		</Unit>
		<Unit filename="../../SDK/lpng162/pngstruct.h" />
		<Unit filename="../../SDK/lpng162/pngtrans.c">
			<Option compilerVar="CC" />
		</Unit>
		<Unit filename="../../SDK/lpng162/pngwio.c">
			<Option compilerVar="CC" />
		</Unit>
		<Unit filename="../../SDK/lpng162/pngwrite.c">
			<Option compilerVar="CC" />
		</Unit>
		<Unit filename="../../SDK/lpng162/pngwtran.c">
			<Option compilerVar="CC" />
		</Unit>
		<Unit filename="../../SDK/lpng162/pngwutil.c">
			<Option compilerVar="CC" />
		</Unit>
		<Unit filename="../../SDK/zlib/adler32.c">
			<Option compilerVar="CC" />
		</Unit>
		<Unit filename="../../SDK/zlib/compress.c">
			<Option compilerVar="CC" />
		</Unit>
		<Unit filename="../../SDK/zlib/crc32.c">
			<Option compilerVar="CC" />
		</Unit>
		<Unit filename="../../SDK/zlib/crc32.h" />
		<Unit filename="../../SDK/zlib/deflate.c">
			<Option compilerVar="CC" />
		</Unit>
		<Unit filename="../../SDK/zlib/deflate.h" />
		<Unit filename="../../SDK/zlib/gzio.c">
			<Option compilerVar="CC" />
		</Unit>
		<Unit filename="../../SDK/zlib/infback.c">
			<Option compilerVar="CC" />
		</Unit>
		<Unit filename="../../SDK/zlib/inffast.c">
			<Option compilerVar="CC" />
		</Unit>
		<Unit filename="../../SDK/zlib/inffast.h" />
		<Unit filename="../../SDK/zlib/inffixed.h" />
		<Unit filename="../../SDK/zlib/inflate.c">
			<Option compilerVar="CC" />
		</Unit>
		<Unit filename="../../SDK/zlib/inflate.h" />
		<Unit filename="../../SDK/zlib/inftrees.c">
			<Option compilerVar="CC" />
		</Unit>
		<Unit filename="../../SDK/zlib/inftrees.h" />
		<Unit filename="../../SDK/zlib/trees.c">
			<Option compilerVar="CC" />
		</Unit>
		<Unit filename="../../SDK/zlib/trees.h" />
		<Unit filename="../../SDK/zlib/uncompr.c">
			<Option compilerVar="CC" />
		</Unit>
		<Unit filename="../../SDK/zlib/zconf.h" />
		<Unit filename="../../SDK/zlib/zlib.h" />
		<Unit filename="../../SDK/zlib/zutil.c">
			<Option compilerVar="CC" />
		</Unit>
		<Unit filename="../../SDK/zlib/zutil.h" />
		<Unit filename="../../dlstorm/c_console.cpp" />
		<Unit filename="../../dlstorm/c_console.h" />
		<Unit filename="../../dlstorm/c_data.cpp" />
		<Unit filename="../../dlstorm/c_data.h" />
		<Unit filename="../../dlstorm/c_entity.cpp" />
		<Unit filename="../../dlstorm/c_entity.h" />
		<Unit filename="../../dlstorm/c_gaf.cpp" />
		<Unit filename="../../dlstorm/c_gaf.h" />
		<Unit filename="../../dlstorm/c_gfx.cpp" />
		<Unit filename="../../dlstorm/c_gfx.h" />
		<Unit filename="../../dlstorm/c_gl3dmodel.cpp" />
		<Unit filename="../../dlstorm/c_gl3dmodel.h" />
		<Unit filename="../../dlstorm/c_glfont.cpp" />
		<Unit filename="../../dlstorm/c_glfont.h" />
		<Unit filename="../../dlstorm/c_glmouse.cpp" />
		<Unit filename="../../dlstorm/c_glmouse.h" />
		<Unit filename="../../dlstorm/c_gltexture.cpp" />
		<Unit filename="../../dlstorm/c_gltexture.h" />
		<Unit filename="../../dlstorm/c_gui.cpp" />
		<Unit filename="../../dlstorm/c_gui.h" />
		<Unit filename="../../dlstorm/c_hash.cpp" />
		<Unit filename="../../dlstorm/c_hash.h" />
		<Unit filename="../../dlstorm/c_log.cpp" />
		<Unit filename="../../dlstorm/c_log.h" />
		<Unit filename="../../dlstorm/c_map_new.cpp" />
		<Unit filename="../../dlstorm/c_map_new.h" />
		<Unit filename="../../dlstorm/c_net.cpp" />
		<Unit filename="../../dlstorm/c_net.h" />
		<Unit filename="../../dlstorm/c_snd.cpp" />
		<Unit filename="../../dlstorm/c_snd.h" />
		<Unit filename="../../dlstorm/c_timer.cpp" />
		<Unit filename="../../dlstorm/c_timer.h" />
		<Unit filename="../../dlstorm/dlstorm.cpp" />
		<Unit filename="../../dlstorm/dlstorm.h" />
		<Unit filename="../../dlstorm/dlstorm_lib.h" />
		<Unit filename="../../dlstorm/glerrors.cpp" />
		<Unit filename="../../dlstorm/glerrors.h" />
		<Unit filename="../manclient.cpp" />
		<Unit filename="../manclient.h" />
		<Unit filename="client.log" />
		<Extensions>
			<code_completion />
			<envvars />
			<debugger />
			<lib_finder disable_auto="1" />
		</Extensions>
	</Project>
</CodeBlocks_project_file>
