<?xml version="1.0" encoding="UTF-8" standalone="yes" ?>
<CodeBlocks_project_file>
	<FileVersion major="1" minor="6" />
	<Project>
		<Option title="ember_game_client_linux" />
		<Option pch_mode="2" />
		<Option compiler="gcc" />
		<Build>
			<Target title="Debug">
				<Option output="mantra_debug_linux" prefix_auto="1" extension_auto="1" />
				<Option object_output="obj/Debug/" />
				<Option type="1" />
				<Option compiler="gcc" />
				<Compiler>
					<Add option="-g" />
					<Add option="-D_DEBUG_DLCS" />
					<Add option="-D_DEBUG" />
					<Add option="-D_MBCS" />
					<Add option="-D_MANTRA_" />
					<Add option="-D_MANTRA_CLIENT_" />
				</Compiler>
			</Target>
			<Target title="Release">
				<Option output="mantra_linux" prefix_auto="1" extension_auto="1" />
				<Option object_output="obj/Release/" />
				<Option type="0" />
				<Option compiler="gcc" />
				<Compiler>
					<Add option="-O2" />
					<Add option="-D_MANTRA_" />
					<Add option="-D_MANTRA_CLIENT_" />
				</Compiler>
				<Linker>
					<Add option="-s" />
				</Linker>
			</Target>
		</Build>
		<Compiler>
			<Add option="-Wall" />
			<Add option="`sdl-config --cflags`" />
			<Add option="-fpermissive" />
			<Add option="-Wswitch" />
			<Add option="-Wwrite-strings" />
			<Add option="-D_DLCS_SDL" />
			<Add option="-D_DLCS_OPENGL" />
			<Add option="-D_DLCS_DEVIL" />
		</Compiler>
		<Linker>
			<Add library="GL" />
			<Add library="GLU" />
			<Add library="SDLmain" />
			<Add library="SDL" />
			<Add library="IL" />
			<Add library="ILU" />
			<Add library="ILUT" />
			<Add library="png" />
			<Add library="assimp" />
		</Linker>
		<Unit filename="../../SDK/assimp3.0-src/code/BlenderDNA.inl" />
		<Unit filename="../../SDK/assimp3.0-src/code/BoostWorkaround/boost/LICENSE_1_0.txt" />
		<Unit filename="../../SDK/assimp3.0-src/code/CMakeLists.txt" />
		<Unit filename="../../SDK/assimp3.0-src/code/SmoothingGroups.inl" />
		<Unit filename="../../SDK/assimp3.0-src/code/makefile.mingw" />
		<Unit filename="../../SDK/zlib/adler32.c">
			<Option compilerVar="CC" />
		</Unit>
		<Unit filename="../../SDK/zlib/compress.c">
			<Option compilerVar="CC" />
		</Unit>
		<Unit filename="../../SDK/zlib/crc32.c">
			<Option compilerVar="CC" />
		</Unit>
		<Unit filename="../../SDK/zlib/crc32.h" />
		<Unit filename="../../SDK/zlib/deflate.c">
			<Option compilerVar="CC" />
		</Unit>
		<Unit filename="../../SDK/zlib/deflate.h" />
		<Unit filename="../../SDK/zlib/gzio.c">
			<Option compilerVar="CC" />
		</Unit>
		<Unit filename="../../SDK/zlib/infback.c">
			<Option compilerVar="CC" />
		</Unit>
		<Unit filename="../../SDK/zlib/inffast.c">
			<Option compilerVar="CC" />
		</Unit>
		<Unit filename="../../SDK/zlib/inffast.h" />
		<Unit filename="../../SDK/zlib/inflate.c">
			<Option compilerVar="CC" />
		</Unit>
		<Unit filename="../../SDK/zlib/inflate.h" />
		<Unit filename="../../SDK/zlib/inftrees.c">
			<Option compilerVar="CC" />
		</Unit>
		<Unit filename="../../SDK/zlib/inftrees.h" />
		<Unit filename="../../SDK/zlib/trees.c">
			<Option compilerVar="CC" />
		</Unit>
		<Unit filename="../../SDK/zlib/trees.h" />
		<Unit filename="../../SDK/zlib/uncompr.c">
			<Option compilerVar="CC" />
		</Unit>
		<Unit filename="../../SDK/zlib/zconf.h" />
		<Unit filename="../../SDK/zlib/zutil.c">
			<Option compilerVar="CC" />
		</Unit>
		<Unit filename="../../SDK/zlib/zutil.h" />
		<Unit filename="../../dlstorm/c_console.cpp" />
		<Unit filename="../../dlstorm/c_console.h" />
		<Unit filename="../../dlstorm/c_data.cpp" />
		<Unit filename="../../dlstorm/c_data.h" />
		<Unit filename="../../dlstorm/c_entity.cpp" />
		<Unit filename="../../dlstorm/c_gaf.cpp" />
		<Unit filename="../../dlstorm/c_gaf.h" />
		<Unit filename="../../dlstorm/c_gfx.cpp" />
		<Unit filename="../../dlstorm/c_gfx.h" />
		<Unit filename="../../dlstorm/c_gl3dmodel.cpp" />
		<Unit filename="../../dlstorm/c_gl3dmodel.h" />
		<Unit filename="../../dlstorm/c_glfont.cpp" />
		<Unit filename="../../dlstorm/c_glfont.h" />
		<Unit filename="../../dlstorm/c_glmouse.cpp" />
		<Unit filename="../../dlstorm/c_glmouse.h" />
		<Unit filename="../../dlstorm/c_gltexture.cpp" />
		<Unit filename="../../dlstorm/c_gltexture.h" />
		<Unit filename="../../dlstorm/c_gui.cpp" />
		<Unit filename="../../dlstorm/c_gui.h" />
		<Unit filename="../../dlstorm/c_gui_chat_enum.h" />
		<Unit filename="../../dlstorm/c_hash.cpp" />
		<Unit filename="../../dlstorm/c_hash.h" />
		<Unit filename="../../dlstorm/c_log.cpp" />
		<Unit filename="../../dlstorm/c_log.h" />
		<Unit filename="../../dlstorm/c_net.cpp" />
		<Unit filename="../../dlstorm/c_net.h" />
		<Unit filename="../../dlstorm/c_snd.cpp" />
		<Unit filename="../../dlstorm/c_snd.h" />
		<Unit filename="../../dlstorm/c_timer.cpp" />
		<Unit filename="../../dlstorm/c_timer.h" />
		<Unit filename="../../dlstorm/dlstorm.cpp" />
		<Unit filename="../../dlstorm/dlstorm.h" />
		<Unit filename="../../dlstorm/glerrors.cpp" />
		<Unit filename="../../dlstorm/glerrors.h" />
		<Unit filename="../../dlstorm/md5.cpp" />
		<Unit filename="../../dlstorm/network_messages.h" />
		<Unit filename="../../dlstorm/s_gnu.cpp" />
		<Unit filename="../../dlstorm/s_gnu.h" />
		<Unit filename="../manclient.cpp" />
		<Unit filename="../manclient.h" />
		<Unit filename="client.log" />
		<Unit filename="client.nova.ini" />
		<Unit filename="client.zerowing.ini" />
		<Extensions>
			<envvars />
			<code_completion />
			<lib_finder disable_auto="1" />
			<debugger />
		</Extensions>
	</Project>
</CodeBlocks_project_file>
